
Microsoft Visual Studio Solution File, Format Version 12.00
# Visual Studio 2013
Project("{FAE04EC0-301F-11D3-BF4B-00C04F79EFBC}") = "UnityVS.Pokemon Drinking Game.CSharp", "UnityVS.Pokemon Drinking Game.CSharp.csproj", "{47271614-0297-99B4-C3FF-21C21B74F769}"
EndProject
Global
	GlobalSection(SolutionConfigurationPlatforms) = preSolution
		Debug|Any CPU = Debug|Any CPU
		Release|Any CPU = Release|Any CPU
	EndGlobalSection
	GlobalSection(ProjectConfigurationPlatforms) = postSolution
		{47271614-0297-99B4-C3FF-21C21B74F769}.Debug|Any CPU.ActiveCfg = Debug|Any CPU
		{47271614-0297-99B4-C3FF-21C21B74F769}.Debug|Any CPU.Build.0 = Debug|Any CPU
		{47271614-0297-99B4-C3FF-21C21B74F769}.Release|Any CPU.ActiveCfg = Release|Any CPU
		{47271614-0297-99B4-C3FF-21C21B74F769}.Release|Any CPU.Build.0 = Release|Any CPU
	EndGlobalSection
	GlobalSection(SolutionProperties) = preSolution
		HideSolutionNode = FALSE
	EndGlobalSection
EndGlobal
